
Microsoft Visual Studio Solution File, Format Version 12.00
# Visual Studio Version 17
VisualStudioVersion = 17.1.32421.90
MinimumVisualStudioVersion = 10.0.40219.1
Project("{FAE04EC0-301F-11D3-BF4B-00C04F79EFBC}") = "bird1", "bird1\bird1.csproj", "{0A0933F5-317F-4463-829B-1215CF83EB6E}"
EndProject
Global
	GlobalSection(SolutionConfigurationPlatforms) = preSolution
		Debug|Any CPU = Debug|Any CPU
		Release|Any CPU = Release|Any CPU
	EndGlobalSection
	GlobalSection(ProjectConfigurationPlatforms) = postSolution
		{0A0933F5-317F-4463-829B-1215CF83EB6E}.Debug|Any CPU.ActiveCfg = Debug|Any CPU
		{0A0933F5-317F-4463-829B-1215CF83EB6E}.Debug|Any CPU.Build.0 = Debug|Any CPU
		{0A0933F5-317F-4463-829B-1215CF83EB6E}.Release|Any CPU.ActiveCfg = Release|Any CPU
		{0A0933F5-317F-4463-829B-1215CF83EB6E}.Release|Any CPU.Build.0 = Release|Any CPU
	EndGlobalSection
	GlobalSection(SolutionProperties) = preSolution
		HideSolutionNode = FALSE
	EndGlobalSection
	GlobalSection(ExtensibilityGlobals) = postSolution
		SolutionGuid = {F9080F52-B2E2-4917-B487-124AA3E582B5}
	EndGlobalSection
EndGlobal
